
Microsoft Visual Studio Solution File, Format Version 12.00
# Visual Studio Version 16
VisualStudioVersion = 16.0.29020.237
MinimumVisualStudioVersion = 10.0.40219.1
Project("{9A19103F-16F7-4668-BE54-9A1E7A4F7556}") = "Adventure Game Project", "Adventure Game Project\Adventure Game Project.csproj", "{986C0589-5510-412A-BF62-BA5B4CC82278}"
EndProject
Global
	GlobalSection(SolutionConfigurationPlatforms) = preSolution
		Debug|Any CPU = Debug|Any CPU
		Release|Any CPU = Release|Any CPU
	EndGlobalSection
	GlobalSection(ProjectConfigurationPlatforms) = postSolution
		{986C0589-5510-412A-BF62-BA5B4CC82278}.Debug|Any CPU.ActiveCfg = Debug|Any CPU
		{986C0589-5510-412A-BF62-BA5B4CC82278}.Debug|Any CPU.Build.0 = Debug|Any CPU
		{986C0589-5510-412A-BF62-BA5B4CC82278}.Release|Any CPU.ActiveCfg = Release|Any CPU
		{986C0589-5510-412A-BF62-BA5B4CC82278}.Release|Any CPU.Build.0 = Release|Any CPU
	EndGlobalSection
	GlobalSection(SolutionProperties) = preSolution
		HideSolutionNode = FALSE
	EndGlobalSection
	GlobalSection(ExtensibilityGlobals) = postSolution
		SolutionGuid = {F5B0B23B-1A93-4968-93FD-5A6A800469BE}
	EndGlobalSection
EndGlobal
